PODS:
  - Alamofire (5.6.2)
  - InjectHotReload (1.2.2)
  - SnapKit (4.2.0)
  - Then (3.0.0)

DEPENDENCIES:
  - Alamofire
  - InjectHotReload
  - SnapKit
  - Then

SPEC REPOS:
  trunk:
    - Alamofire
    - InjectHotReload
    - SnapKit
    - Then

SPEC CHECKSUMS:
  Alamofire: d368e1ff8a298e6dde360e35a3e68e6c610e7204
  InjectHotReload: e524b7c46ec063d84e407e65df5fe251cde19b32
  SnapKit: fe8a619752f3f27075cc9a90244d75c6c3f27e2a
  Then: 844265ae87834bbe1147d91d5d41a404da2ec27d

PODFILE CHECKSUM: d8a12bdd9a7a57cd9afd8c4cef766a0c56ffa5f3

COCOAPODS: 1.11.3
